dependencies:
- name: kube-prometheus-stack
  repository: https://prometheus-community.github.io/helm-charts
  version: 74.0.0
- name: redis
  repository: https://charts.bitnami.com/bitnami
  version: 21.2.3
- name: elasticsearch
  repository: https://helm.elastic.co
  version: 8.5.1
- name: minio
  repository: https://charts.bitnami.com/bitnami
  version: 17.0.4
- name: kafka
  repository: https://charts.bitnami.com/bitnami
  version: 32.2.15
digest: sha256:05c7dc9668744e7af53c192cf239346394567ed7a6be19da3f67b6fa764ece2e
generated: "2025-06-14T10:53:32.19242-07:00"
