dependencies:
- name: kube-prometheus-stack
  repository: https://prometheus-community.github.io/helm-charts
  version: 74.0.0
- name: redis
  repository: https://charts.bitnami.com/bitnami
  version: 21.2.3
- name: elasticsearch
  repository: https://helm.elastic.co
  version: 8.5.1
- name: minio
  repository: https://charts.bitnami.com/bitnami
  version: 17.0.4
- name: clickhouse
  repository: https://charts.bitnami.com/bitnami
  version: 9.3.3
digest: sha256:62b03d603350766f9b5df382c3f73011b5a63c996649913c3524fa5db0bdd67f
generated: "2025-06-14T10:50:00.333157-07:00"
