dependencies:
- name: redis
  repository: https://charts.bitnami.com/bitnami
  version: 21.2.3
- name: elasticsearch
  repository: https://helm.elastic.co
  version: 8.5.1
- name: minio
  repository: https://charts.bitnami.com/bitnami
  version: 17.0.4
- name: clickhouse
  repository: https://charts.bitnami.com/bitnami
  version: 9.3.3
- name: kafka
  repository: https://charts.bitnami.com/bitnami
  version: 32.2.15
digest: sha256:283c62a74140b26f8ea6f456521f5c5272054b215a4e062e9545f786b1d4aa5b
generated: "2025-06-14T16:28:09.519437-07:00"
